
Microsoft Visual Studio Solution File, Format Version 12.00
# Visual Studio Version 17
VisualStudioVersion = 17.8.34525.116
MinimumVisualStudioVersion = 10.0.40219.1
Project("{FAE04EC0-301F-11D3-BF4B-00C04F79EFBC}") = "ClassBoxData", "ClassBoxData\ClassBoxData.csproj", "{2F728CEF-DB0D-4A0C-A947-4A35C038096E}"
EndProject
Project("{FAE04EC0-301F-11D3-BF4B-00C04F79EFBC}") = "ShoppingSpree", "ShoppingSpree\ShoppingSpree.csproj", "{107A1041-E8AC-4D13-9D6B-248D1D7E82F0}"
EndProject
Global
	GlobalSection(SolutionConfigurationPlatforms) = preSolution
		Debug|Any CPU = Debug|Any CPU
		Release|Any CPU = Release|Any CPU
	EndGlobalSection
	GlobalSection(ProjectConfigurationPlatforms) = postSolution
		{2F728CEF-DB0D-4A0C-A947-4A35C038096E}.Debug|Any CPU.ActiveCfg = Debug|Any CPU
		{2F728CEF-DB0D-4A0C-A947-4A35C038096E}.Debug|Any CPU.Build.0 = Debug|Any CPU
		{2F728CEF-DB0D-4A0C-A947-4A35C038096E}.Release|Any CPU.ActiveCfg = Release|Any CPU
		{2F728CEF-DB0D-4A0C-A947-4A35C038096E}.Release|Any CPU.Build.0 = Release|Any CPU
		{107A1041-E8AC-4D13-9D6B-248D1D7E82F0}.Debug|Any CPU.ActiveCfg = Debug|Any CPU
		{107A1041-E8AC-4D13-9D6B-248D1D7E82F0}.Debug|Any CPU.Build.0 = Debug|Any CPU
		{107A1041-E8AC-4D13-9D6B-248D1D7E82F0}.Release|Any CPU.ActiveCfg = Release|Any CPU
		{107A1041-E8AC-4D13-9D6B-248D1D7E82F0}.Release|Any CPU.Build.0 = Release|Any CPU
	EndGlobalSection
	GlobalSection(SolutionProperties) = preSolution
		HideSolutionNode = FALSE
	EndGlobalSection
	GlobalSection(ExtensibilityGlobals) = postSolution
		SolutionGuid = {92F590E6-0128-4824-9F6B-A3F34C95BCD9}
	EndGlobalSection
EndGlobal
