
Microsoft Visual Studio Solution File, Format Version 12.00
# Visual Studio Version 17
VisualStudioVersion = 17.9.34622.214
MinimumVisualStudioVersion = 10.0.40219.1
Project("{FAE04EC0-301F-11D3-BF4B-00C04F79EFBC}") = "Operations", "MathOperations\Operations.csproj", "{BA1B009C-6968-4FFD-9A96-BB94481F09E2}"
EndProject
Project("{FAE04EC0-301F-11D3-BF4B-00C04F79EFBC}") = "Animals", "Animals\Animals.csproj", "{163E2F07-CEF2-4E11-926C-A0FD8AD78820}"
EndProject
Project("{FAE04EC0-301F-11D3-BF4B-00C04F79EFBC}") = "Shapes", "Shapes\Shapes.csproj", "{0BAC0101-B106-4E84-8FE3-548983489154}"
EndProject
Global
	GlobalSection(SolutionConfigurationPlatforms) = preSolution
		Debug|Any CPU = Debug|Any CPU
		Release|Any CPU = Release|Any CPU
	EndGlobalSection
	GlobalSection(ProjectConfigurationPlatforms) = postSolution
		{BA1B009C-6968-4FFD-9A96-BB94481F09E2}.Debug|Any CPU.ActiveCfg = Debug|Any CPU
		{BA1B009C-6968-4FFD-9A96-BB94481F09E2}.Debug|Any CPU.Build.0 = Debug|Any CPU
		{BA1B009C-6968-4FFD-9A96-BB94481F09E2}.Release|Any CPU.ActiveCfg = Release|Any CPU
		{BA1B009C-6968-4FFD-9A96-BB94481F09E2}.Release|Any CPU.Build.0 = Release|Any CPU
		{163E2F07-CEF2-4E11-926C-A0FD8AD78820}.Debug|Any CPU.ActiveCfg = Debug|Any CPU
		{163E2F07-CEF2-4E11-926C-A0FD8AD78820}.Debug|Any CPU.Build.0 = Debug|Any CPU
		{163E2F07-CEF2-4E11-926C-A0FD8AD78820}.Release|Any CPU.ActiveCfg = Release|Any CPU
		{163E2F07-CEF2-4E11-926C-A0FD8AD78820}.Release|Any CPU.Build.0 = Release|Any CPU
		{0BAC0101-B106-4E84-8FE3-548983489154}.Debug|Any CPU.ActiveCfg = Debug|Any CPU
		{0BAC0101-B106-4E84-8FE3-548983489154}.Debug|Any CPU.Build.0 = Debug|Any CPU
		{0BAC0101-B106-4E84-8FE3-548983489154}.Release|Any CPU.ActiveCfg = Release|Any CPU
		{0BAC0101-B106-4E84-8FE3-548983489154}.Release|Any CPU.Build.0 = Release|Any CPU
	EndGlobalSection
	GlobalSection(SolutionProperties) = preSolution
		HideSolutionNode = FALSE
	EndGlobalSection
	GlobalSection(ExtensibilityGlobals) = postSolution
		SolutionGuid = {4BE339C6-B71A-4022-8878-A8F32565916A}
	EndGlobalSection
EndGlobal
